
Microsoft Visual Studio Solution File, Format Version 12.00
# Visual Studio Version 17
VisualStudioVersion = 17.14.36429.23 d17.14
MinimumVisualStudioVersion = 10.0.40219.1
Project("{FAE04EC0-301F-11D3-BF4B-00C04F79EFBC}") = "MarsCompetitionTask3", "MarsCompetitionTask3.csproj", "{2DDB4CCF-284D-48A1-8D30-5AF76E1EC0B3}"
EndProject
Global
	GlobalSection(SolutionConfigurationPlatforms) = preSolution
		Debug|Any CPU = Debug|Any CPU
		Release|Any CPU = Release|Any CPU
	EndGlobalSection
	GlobalSection(ProjectConfigurationPlatforms) = postSolution
		{2DDB4CCF-284D-48A1-8D30-5AF76E1EC0B3}.Debug|Any CPU.ActiveCfg = Debug|Any CPU
		{2DDB4CCF-284D-48A1-8D30-5AF76E1EC0B3}.Debug|Any CPU.Build.0 = Debug|Any CPU
		{2DDB4CCF-284D-48A1-8D30-5AF76E1EC0B3}.Release|Any CPU.ActiveCfg = Release|Any CPU
		{2DDB4CCF-284D-48A1-8D30-5AF76E1EC0B3}.Release|Any CPU.Build.0 = Release|Any CPU
	EndGlobalSection
	GlobalSection(SolutionProperties) = preSolution
		HideSolutionNode = FALSE
	EndGlobalSection
	GlobalSection(ExtensibilityGlobals) = postSolution
		SolutionGuid = {A0ABD648-E4C3-434D-833A-CD1D86617ABA}
	EndGlobalSection
EndGlobal
